
Microsoft Visual Studio Solution File, Format Version 12.00
# Visual Studio Version 17
VisualStudioVersion = 17.14.36623.8
MinimumVisualStudioVersion = 10.0.40219.1
Project("{FAE04EC0-301F-11D3-BF4B-00C04F79EFBC}") = "ApiPruebaDoubleV", "ApiPruebaDoubleV\ApiPruebaDoubleV.csproj", "{66A48A29-24B7-4412-BA80-682E14441DC6}"
EndProject
Project("{FAE04EC0-301F-11D3-BF4B-00C04F79EFBC}") = "BLL", "BLL\BLL.csproj", "{5875EBB1-01BE-2D17-3613-D0BAD09CBB40}"
EndProject
Project("{FAE04EC0-301F-11D3-BF4B-00C04F79EFBC}") = "DataLayer", "DataLayer\DataLayer.csproj", "{8206475D-A8DE-B22F-E7BA-FA27B1C6AF7C}"
EndProject
Project("{FAE04EC0-301F-11D3-BF4B-00C04F79EFBC}") = "TicketsServicesTests", "TicketsServicesTests\TicketsServicesTests.csproj", "{7D7DD02A-D586-4AC0-906E-2B281E42A48B}"
EndProject
Global
	GlobalSection(SolutionConfigurationPlatforms) = preSolution
		Debug|Any CPU = Debug|Any CPU
		Release|Any CPU = Release|Any CPU
	EndGlobalSection
	GlobalSection(ProjectConfigurationPlatforms) = postSolution
		{66A48A29-24B7-4412-BA80-682E14441DC6}.Debug|Any CPU.ActiveCfg = Debug|Any CPU
		{66A48A29-24B7-4412-BA80-682E14441DC6}.Debug|Any CPU.Build.0 = Debug|Any CPU
		{66A48A29-24B7-4412-BA80-682E14441DC6}.Release|Any CPU.ActiveCfg = Release|Any CPU
		{66A48A29-24B7-4412-BA80-682E14441DC6}.Release|Any CPU.Build.0 = Release|Any CPU
		{5875EBB1-01BE-2D17-3613-D0BAD09CBB40}.Debug|Any CPU.ActiveCfg = Debug|Any CPU
		{5875EBB1-01BE-2D17-3613-D0BAD09CBB40}.Debug|Any CPU.Build.0 = Debug|Any CPU
		{5875EBB1-01BE-2D17-3613-D0BAD09CBB40}.Release|Any CPU.ActiveCfg = Release|Any CPU
		{5875EBB1-01BE-2D17-3613-D0BAD09CBB40}.Release|Any CPU.Build.0 = Release|Any CPU
		{8206475D-A8DE-B22F-E7BA-FA27B1C6AF7C}.Debug|Any CPU.ActiveCfg = Debug|Any CPU
		{8206475D-A8DE-B22F-E7BA-FA27B1C6AF7C}.Debug|Any CPU.Build.0 = Debug|Any CPU
		{8206475D-A8DE-B22F-E7BA-FA27B1C6AF7C}.Release|Any CPU.ActiveCfg = Release|Any CPU
		{8206475D-A8DE-B22F-E7BA-FA27B1C6AF7C}.Release|Any CPU.Build.0 = Release|Any CPU
		{7D7DD02A-D586-4AC0-906E-2B281E42A48B}.Debug|Any CPU.ActiveCfg = Debug|Any CPU
		{7D7DD02A-D586-4AC0-906E-2B281E42A48B}.Debug|Any CPU.Build.0 = Debug|Any CPU
		{7D7DD02A-D586-4AC0-906E-2B281E42A48B}.Release|Any CPU.ActiveCfg = Release|Any CPU
		{7D7DD02A-D586-4AC0-906E-2B281E42A48B}.Release|Any CPU.Build.0 = Release|Any CPU
	EndGlobalSection
	GlobalSection(SolutionProperties) = preSolution
		HideSolutionNode = FALSE
	EndGlobalSection
	GlobalSection(ExtensibilityGlobals) = postSolution
		SolutionGuid = {FDA56898-2C4B-4284-9E67-8C72CAB2F460}
	EndGlobalSection
EndGlobal
